
Microsoft Visual Studio Solution File, Format Version 12.00
# Visual Studio Version 17
VisualStudioVersion = 17.11.35327.3
MinimumVisualStudioVersion = 10.0.40219.1
Project("{8BC9CEB8-8B4A-11D0-8D11-00A0C91BC942}") = "Neural-base", "Neural-base\Neural-base.vcxproj", "{111581E8-976A-411C-BA11-8A378FC27306}"
EndProject
Global
	GlobalSection(SolutionConfigurationPlatforms) = preSolution
		Debug|x64 = Debug|x64
		Debug|x86 = Debug|x86
		Release|x64 = Release|x64
		Release|x86 = Release|x86
	EndGlobalSection
	GlobalSection(ProjectConfigurationPlatforms) = postSolution
		{111581E8-976A-411C-BA11-8A378FC27306}.Debug|x64.ActiveCfg = Debug|x64
		{111581E8-976A-411C-BA11-8A378FC27306}.Debug|x64.Build.0 = Debug|x64
		{111581E8-976A-411C-BA11-8A378FC27306}.Debug|x86.ActiveCfg = Debug|Win32
		{111581E8-976A-411C-BA11-8A378FC27306}.Debug|x86.Build.0 = Debug|Win32
		{111581E8-976A-411C-BA11-8A378FC27306}.Release|x64.ActiveCfg = Release|x64
		{111581E8-976A-411C-BA11-8A378FC27306}.Release|x64.Build.0 = Release|x64
		{111581E8-976A-411C-BA11-8A378FC27306}.Release|x86.ActiveCfg = Release|Win32
		{111581E8-976A-411C-BA11-8A378FC27306}.Release|x86.Build.0 = Release|Win32
	EndGlobalSection
	GlobalSection(SolutionProperties) = preSolution
		HideSolutionNode = FALSE
	EndGlobalSection
	GlobalSection(ExtensibilityGlobals) = postSolution
		SolutionGuid = {136D7AC6-D765-46BA-BD04-71312AAE949D}
	EndGlobalSection
EndGlobal
